
Microsoft Visual Studio Solution File, Format Version 12.00
# Visual Studio Version 17
VisualStudioVersion = 17.5.33627.172
MinimumVisualStudioVersion = 10.0.40219.1
Project("{FAE04EC0-301F-11D3-BF4B-00C04F79EFBC}") = "RegistrationPage", "RegistrationPage\RegistrationPage.csproj", "{2C62B647-6E7A-4ED8-8FE6-41AF0E4F1CFF}"
EndProject
Global
	GlobalSection(SolutionConfigurationPlatforms) = preSolution
		Debug|Any CPU = Debug|Any CPU
		Release|Any CPU = Release|Any CPU
	EndGlobalSection
	GlobalSection(ProjectConfigurationPlatforms) = postSolution
		{2C62B647-6E7A-4ED8-8FE6-41AF0E4F1CFF}.Debug|Any CPU.ActiveCfg = Debug|Any CPU
		{2C62B647-6E7A-4ED8-8FE6-41AF0E4F1CFF}.Debug|Any CPU.Build.0 = Debug|Any CPU
		{2C62B647-6E7A-4ED8-8FE6-41AF0E4F1CFF}.Release|Any CPU.ActiveCfg = Release|Any CPU
		{2C62B647-6E7A-4ED8-8FE6-41AF0E4F1CFF}.Release|Any CPU.Build.0 = Release|Any CPU
	EndGlobalSection
	GlobalSection(SolutionProperties) = preSolution
		HideSolutionNode = FALSE
	EndGlobalSection
	GlobalSection(ExtensibilityGlobals) = postSolution
		SolutionGuid = {34F3703E-70F5-4F2F-9DE5-7EE18E0B617F}
	EndGlobalSection
EndGlobal
